
Microsoft Visual Studio Solution File, Format Version 12.00
# Visual Studio Version 16
VisualStudioVersion = 16.0.31729.503
MinimumVisualStudioVersion = 10.0.40219.1
Project("{FAE04EC0-301F-11D3-BF4B-00C04F79EFBC}") = "fidibo", "fidibo\fidibo.csproj", "{FEBF142B-44E8-4191-8D9F-8CB4240D5140}"
EndProject
Global
	GlobalSection(SolutionConfigurationPlatforms) = preSolution
		Debug|Any CPU = Debug|Any CPU
		Release|Any CPU = Release|Any CPU
	EndGlobalSection
	GlobalSection(ProjectConfigurationPlatforms) = postSolution
		{FEBF142B-44E8-4191-8D9F-8CB4240D5140}.Debug|Any CPU.ActiveCfg = Debug|Any CPU
		{FEBF142B-44E8-4191-8D9F-8CB4240D5140}.Debug|Any CPU.Build.0 = Debug|Any CPU
		{FEBF142B-44E8-4191-8D9F-8CB4240D5140}.Release|Any CPU.ActiveCfg = Release|Any CPU
		{FEBF142B-44E8-4191-8D9F-8CB4240D5140}.Release|Any CPU.Build.0 = Release|Any CPU
	EndGlobalSection
	GlobalSection(SolutionProperties) = preSolution
		HideSolutionNode = FALSE
	EndGlobalSection
	GlobalSection(ExtensibilityGlobals) = postSolution
		SolutionGuid = {09A9539A-AA17-408A-A561-528C7C28C785}
	EndGlobalSection
EndGlobal
